// !$*UTF8*$!
{
	archiveVersion = 1;
	classes = {
	};
	objectVersion = 55;
	objects = {

/* Begin PBXBuildFile section */
		3F24287E28236E9000269F6E /* InfoPlist.strings in Resources */ = {isa = PBXBuildFile; fileRef = 3F24288028236E9000269F6E /* InfoPlist.strings */; };
		3F5FFCC9281E8CA3001BE953 /* ListView.swift in Sources */ = {isa = PBXBuildFile; fileRef = 3F5FFCC8281E8CA3001BE953 /* ListView.swift */; };
		3F5FFCCB2820F187001BE953 /* Song.swift in Sources */ = {isa = PBXBuildFile; fileRef = 3F5FFCCA2820F187001BE953 /* Song.swift */; };
		3FE7628D281A62AF00C20344 /* ChoiceApp.swift in Sources */ = {isa = PBXBuildFile; fileRef = 3FE7628C281A62AF00C20344 /* ChoiceApp.swift */; };
		3FE7628F281A62AF00C20344 /* ContentView.swift in Sources */ = {isa = PBXBuildFile; fileRef = 3FE7628E281A62AF00C20344 /* ContentView.swift */; };
		3FE76291281A62B400C20344 /* Assets.xcassets in Resources */ = {isa = PBXBuildFile; fileRef = 3FE76290281A62B400C20344 /* Assets.xcassets */; };
		3FE76294281A62B400C20344 /* Preview Assets.xcassets in Resources */ = {isa = PBXBuildFile; fileRef = 3FE76293281A62B400C20344 /* Preview Assets.xcassets */; };
		3FE7629E281A62B400C20344 /* ChoiceTests.swift in Sources */ = {isa = PBXBuildFile; fileRef = 3FE7629D281A62B400C20344 /* ChoiceTests.swift */; };
		3FE762A8281A62B400C20344 /* ChoiceUITests.swift in Sources */ = {isa = PBXBuildFile; fileRef = 3FE762A7281A62B400C20344 /* ChoiceUITests.swift */; };
		3FE762AA281A62B400C20344 /* ChoiceUITestsLaunchTests.swift in Sources */ = {isa = PBXBuildFile; fileRef = 3FE762A9281A62B400C20344 /* ChoiceUITestsLaunchTests.swift */; };
		3FE762B7281A63C600C20344 /* RandomView.swift in Sources */ = {isa = PBXBuildFile; fileRef = 3FE762B6281A63C600C20344 /* RandomView.swift */; };
/* End PBXBuildFile section */

/* Begin PBXContainerItemProxy section */
		3FE7629A281A62B400C20344 /* PBXContainerItemProxy */ = {
			isa = PBXContainerItemProxy;
			containerPortal = 3FE76281281A62AF00C20344 /* Project object */;
			proxyType = 1;
			remoteGlobalIDString = 3FE76288281A62AF00C20344;
			remoteInfo = Choice;
		};
		3FE762A4281A62B400C20344 /* PBXContainerItemProxy */ = {
			isa = PBXContainerItemProxy;
			containerPortal = 3FE76281281A62AF00C20344 /* Project object */;
			proxyType = 1;
			remoteGlobalIDString = 3FE76288281A62AF00C20344;
			remoteInfo = Choice;
		};
/* End PBXContainerItemProxy section */

/* Begin PBXFileReference section */
		3F24288128236EAC00269F6E /* ko */ = {isa = PBXFileReference; lastKnownFileType = text.plist.strings; name = ko; path = ko.lproj/InfoPlist.strings; sourceTree = "<group>"; };
		3F5FFCC8281E8CA3001BE953 /* ListView.swift */ = {isa = PBXFileReference; lastKnownFileType = sourcecode.swift; path = ListView.swift; sourceTree = "<group>"; };
		3F5FFCCA2820F187001BE953 /* Song.swift */ = {isa = PBXFileReference; lastKnownFileType = sourcecode.swift; path = Song.swift; sourceTree = "<group>"; };
		3FE76289281A62AF00C20344 /* Choice.app */ = {isa = PBXFileReference; explicitFileType = wrapper.application; includeInIndex = 0; path = Choice.app; sourceTree = BUILT_PRODUCTS_DIR; };
		3FE7628C281A62AF00C20344 /* ChoiceApp.swift */ = {isa = PBXFileReference; lastKnownFileType = sourcecode.swift; path = ChoiceApp.swift; sourceTree = "<group>"; };
		3FE7628E281A62AF00C20344 /* ContentView.swift */ = {isa = PBXFileReference; lastKnownFileType = sourcecode.swift; path = ContentView.swift; sourceTree = "<group>"; };
		3FE76290281A62B400C20344 /* Assets.xcassets */ = {isa = PBXFileReference; lastKnownFileType = folder.assetcatalog; path = Assets.xcassets; sourceTree = "<group>"; };
		3FE76293281A62B400C20344 /* Preview Assets.xcassets */ = {isa = PBXFileReference; lastKnownFileType = folder.assetcatalog; path = "Preview Assets.xcassets"; sourceTree = "<group>"; };
		3FE76299281A62B400C20344 /* ChoiceTests.xctest */ = {isa = PBXFileReference; explicitFileType = wrapper.cfbundle; includeInIndex = 0; path = ChoiceTests.xctest; sourceTree = BUILT_PRODUCTS_DIR; };
		3FE7629D281A62B400C20344 /* ChoiceTests.swift */ = {isa = PBXFileReference; lastKnownFileType = sourcecode.swift; path = ChoiceTests.swift; sourceTree = "<group>"; };
		3FE762A3281A62B400C20344 /* ChoiceUITests.xctest */ = {isa = PBXFileReference; explicitFileType = wrapper.cfbundle; includeInIndex = 0; path = ChoiceUITests.xctest; sourceTree = BUILT_PRODUCTS_DIR; };
		3FE762A7281A62B400C20344 /* ChoiceUITests.swift */ = {isa = PBXFileReference; lastKnownFileType = sourcecode.swift; path = ChoiceUITests.swift; sourceTree = "<group>"; };
		3FE762A9281A62B400C20344 /* ChoiceUITestsLaunchTests.swift */ = {isa = PBXFileReference; lastKnownFileType = sourcecode.swift; path = ChoiceUITestsLaunchTests.swift; sourceTree = "<group>"; };
		3FE762B6281A63C600C20344 /* RandomView.swift */ = {isa = PBXFileReference; lastKnownFileType = sourcecode.swift; path = RandomView.swift; sourceTree = "<group>"; };
/* End PBXFileReference section */

/* Begin PBXFrameworksBuildPhase section */
		3FE76286281A62AF00C20344 /* Frameworks */ = {
			isa = PBXFrameworksBuildPhase;
			buildActionMask = 2147483647;
			files = (
			);
			runOnlyForDeploymentPostprocessing = 0;
		};
		3FE76296281A62B400C20344 /* Frameworks */ = {
			isa = PBXFrameworksBuildPhase;
			buildActionMask = 2147483647;
			files = (
			);
			runOnlyForDeploymentPostprocessing = 0;
		};
		3FE762A0281A62B400C20344 /* Frameworks */ = {
			isa = PBXFrameworksBuildPhase;
			buildActionMask = 2147483647;
			files = (
			);
			runOnlyForDeploymentPostprocessing = 0;
		};
/* End PBXFrameworksBuildPhase section */

/* Begin PBXGroup section */
		3F5FFCCC2820F1B9001BE953 /* Helper */ = {
			isa = PBXGroup;
			children = (
				3F5FFCCA2820F187001BE953 /* Song.swift */,
			);
			path = Helper;
			sourceTree = "<group>";
		};
		3FE76280281A62AF00C20344 = {
			isa = PBXGroup;
			children = (
				3F24288028236E9000269F6E /* InfoPlist.strings */,
				3FE7628B281A62AF00C20344 /* Choice */,
				3FE7629C281A62B400C20344 /* ChoiceTests */,
				3FE762A6281A62B400C20344 /* ChoiceUITests */,
				3FE7628A281A62AF00C20344 /* Products */,
			);
			sourceTree = "<group>";
		};
		3FE7628A281A62AF00C20344 /* Products */ = {
			isa = PBXGroup;
			children = (
				3FE76289281A62AF00C20344 /* Choice.app */,
				3FE76299281A62B400C20344 /* ChoiceTests.xctest */,
				3FE762A3281A62B400C20344 /* ChoiceUITests.xctest */,
			);
			name = Products;
			sourceTree = "<group>";
		};
		3FE7628B281A62AF00C20344 /* Choice */ = {
			isa = PBXGroup;
			children = (
				3FE7628C281A62AF00C20344 /* ChoiceApp.swift */,
				3FE7628E281A62AF00C20344 /* ContentView.swift */,
				3F5FFCC8281E8CA3001BE953 /* ListView.swift */,
				3FE762B6281A63C600C20344 /* RandomView.swift */,
				3FE76290281A62B400C20344 /* Assets.xcassets */,
				3FE76292281A62B400C20344 /* Preview Content */,
				3F5FFCCC2820F1B9001BE953 /* Helper */,
			);
			path = Choice;
			sourceTree = "<group>";
		};
		3FE76292281A62B400C20344 /* Preview Content */ = {
			isa = PBXGroup;
			children = (
				3FE76293281A62B400C20344 /* Preview Assets.xcassets */,
			);
			path = "Preview Content";
			sourceTree = "<group>";
		};
		3FE7629C281A62B400C20344 /* ChoiceTests */ = {
			isa = PBXGroup;
			children = (
				3FE7629D281A62B400C20344 /* ChoiceTests.swift */,
			);
			path = ChoiceTests;
			sourceTree = "<group>";
		};
		3FE762A6281A62B400C20344 /* ChoiceUITests */ = {
			isa = PBXGroup;
			children = (
				3FE762A7281A62B400C20344 /* ChoiceUITests.swift */,
				3FE762A9281A62B400C20344 /* ChoiceUITestsLaunchTests.swift */,
			);
			path = ChoiceUITests;
			sourceTree = "<group>";
		};
/* End PBXGroup section */

/* Begin PBXNativeTarget section */
		3FE76288281A62AF00C20344 /* Choice */ = {
			isa = PBXNativeTarget;
			buildConfigurationList = 3FE762AD281A62B400C20344 /* Build configuration list for PBXNativeTarget "Choice" */;
			buildPhases = (
				3FE76285281A62AF00C20344 /* Sources */,
				3FE76286281A62AF00C20344 /* Frameworks */,
				3FE76287281A62AF00C20344 /* Resources */,
			);
			buildRules = (
			);
			dependencies = (
			);
			name = Choice;
			productName = Choice;
			productReference = 3FE76289281A62AF00C20344 /* Choice.app */;
			productType = "com.apple.product-type.application";
		};
		3FE76298281A62B400C20344 /* ChoiceTests */ = {
			isa = PBXNativeTarget;
			buildConfigurationList = 3FE762B0281A62B400C20344 /* Build configuration list for PBXNativeTarget "ChoiceTests" */;
			buildPhases = (
				3FE76295281A62B400C20344 /* Sources */,
				3FE76296281A62B400C20344 /* Frameworks */,
				3FE76297281A62B400C20344 /* Resources */,
			);
			buildRules = (
			);
			dependencies = (
				3FE7629B281A62B400C20344 /* PBXTargetDependency */,
			);
			name = ChoiceTests;
			productName = ChoiceTests;
			productReference = 3FE76299281A62B400C20344 /* ChoiceTests.xctest */;
			productType = "com.apple.product-type.bundle.unit-test";
		};
		3FE762A2281A62B400C20344 /* ChoiceUITests */ = {
			isa = PBXNativeTarget;
			buildConfigurationList = 3FE762B3281A62B400C20344 /* Build configuration list for PBXNativeTarget "ChoiceUITests" */;
			buildPhases = (
				3FE7629F281A62B400C20344 /* Sources */,
				3FE762A0281A62B400C20344 /* Frameworks */,
				3FE762A1281A62B400C20344 /* Resources */,
			);
			buildRules = (
			);
			dependencies = (
				3FE762A5281A62B400C20344 /* PBXTargetDependency */,
			);
			name = ChoiceUITests;
			productName = ChoiceUITests;
			productReference = 3FE762A3281A62B400C20344 /* ChoiceUITests.xctest */;
			productType = "com.apple.product-type.bundle.ui-testing";
		};
/* End PBXNativeTarget section */

/* Begin PBXProject section */
		3FE76281281A62AF00C20344 /* Project object */ = {
			isa = PBXProject;
			attributes = {
				BuildIndependentTargetsInParallel = 1;
				LastSwiftUpdateCheck = 1330;
				LastUpgradeCheck = 1330;
				TargetAttributes = {
					3FE76288281A62AF00C20344 = {
						CreatedOnToolsVersion = 13.3.1;
					};
					3FE76298281A62B400C20344 = {
						CreatedOnToolsVersion = 13.3.1;
						TestTargetID = 3FE76288281A62AF00C20344;
					};
					3FE762A2281A62B400C20344 = {
						CreatedOnToolsVersion = 13.3.1;
						TestTargetID = 3FE76288281A62AF00C20344;
					};
				};
			};
			buildConfigurationList = 3FE76284281A62AF00C20344 /* Build configuration list for PBXProject "Choice" */;
			compatibilityVersion = "Xcode 13.0";
			developmentRegion = en;
			hasScannedForEncodings = 0;
			knownRegions = (
				en,
				Base,
				ko,
			);
			mainGroup = 3FE76280281A62AF00C20344;
			productRefGroup = 3FE7628A281A62AF00C20344 /* Products */;
			projectDirPath = "";
			projectRoot = "";
			targets = (
				3FE76288281A62AF00C20344 /* Choice */,
				3FE76298281A62B400C20344 /* ChoiceTests */,
				3FE762A2281A62B400C20344 /* ChoiceUITests */,
			);
		};
/* End PBXProject section */

/* Begin PBXResourcesBuildPhase section */
		3FE76287281A62AF00C20344 /* Resources */ = {
			isa = PBXResourcesBuildPhase;
			buildActionMask = 2147483647;
			files = (
				3FE76294281A62B400C20344 /* Preview Assets.xcassets in Resources */,
				3F24287E28236E9000269F6E /* InfoPlist.strings in Resources */,
				3FE76291281A62B400C20344 /* Assets.xcassets in Resources */,
			);
			runOnlyForDeploymentPostprocessing = 0;
		};
		3FE76297281A62B400C20344 /* Resources */ = {
			isa = PBXResourcesBuildPhase;
			buildActionMask = 2147483647;
			files = (
			);
			runOnlyForDeploymentPostprocessing = 0;
		};
		3FE762A1281A62B400C20344 /* Resources */ = {
			isa = PBXResourcesBuildPhase;
			buildActionMask = 2147483647;
			files = (
			);
			runOnlyForDeploymentPostprocessing = 0;
		};
/* End PBXResourcesBuildPhase section */

/* Begin PBXSourcesBuildPhase section */
		3FE76285281A62AF00C20344 /* Sources */ = {
			isa = PBXSourcesBuildPhase;
			buildActionMask = 2147483647;
			files = (
				3F5FFCC9281E8CA3001BE953 /* ListView.swift in Sources */,
				3FE762B7281A63C600C20344 /* RandomView.swift in Sources */,
				3FE7628F281A62AF00C20344 /* ContentView.swift in Sources */,
				3FE7628D281A62AF00C20344 /* ChoiceApp.swift in Sources */,
				3F5FFCCB2820F187001BE953 /* Song.swift in Sources */,
			);
			runOnlyForDeploymentPostprocessing = 0;
		};
		3FE76295281A62B400C20344 /* Sources */ = {
			isa = PBXSourcesBuildPhase;
			buildActionMask = 2147483647;
			files = (
				3FE7629E281A62B400C20344 /* ChoiceTests.swift in Sources */,
			);
			runOnlyForDeploymentPostprocessing = 0;
		};
		3FE7629F281A62B400C20344 /* Sources */ = {
			isa = PBXSourcesBuildPhase;
			buildActionMask = 2147483647;
			files = (
				3FE762A8281A62B400C20344 /* ChoiceUITests.swift in Sources */,
				3FE762AA281A62B400C20344 /* ChoiceUITestsLaunchTests.swift in Sources */,
			);
			runOnlyForDeploymentPostprocessing = 0;
		};
/* End PBXSourcesBuildPhase section */

/* Begin PBXTargetDependency section */
		3FE7629B281A62B400C20344 /* PBXTargetDependency */ = {
			isa = PBXTargetDependency;
			target = 3FE76288281A62AF00C20344 /* Choice */;
			targetProxy = 3FE7629A281A62B400C20344 /* PBXContainerItemProxy */;
		};
		3FE762A5281A62B400C20344 /* PBXTargetDependency */ = {
			isa = PBXTargetDependency;
			target = 3FE76288281A62AF00C20344 /* Choice */;
			targetProxy = 3FE762A4281A62B400C20344 /* PBXContainerItemProxy */;
		};
/* End PBXTargetDependency section */

/* Begin PBXVariantGroup section */
		3F24288028236E9000269F6E /* InfoPlist.strings */ = {
			isa = PBXVariantGroup;
			children = (
				3F24288128236EAC00269F6E /* ko */,
			);
			name = InfoPlist.strings;
			sourceTree = "<group>";
		};
/* End PBXVariantGroup section */

/* Begin XCBuildConfiguration section */
		3FE762AB281A62B400C20344 /* Debug */ = {
			isa = XCBuildConfiguration;
			buildSettings = {
				ALWAYS_SEARCH_USER_PATHS = NO;
				CLANG_ANALYZER_LOCALIZABILITY_NONLOCALIZED = YES;
				CLANG_ANALYZER_NONNULL = YES;
				CLANG_ANALYZER_NUMBER_OBJECT_CONVERSION = YES_AGGRESSIVE;
				CLANG_CXX_LANGUAGE_STANDARD = "gnu++17";
				CLANG_ENABLE_MODULES = YES;
				CLANG_ENABLE_OBJC_ARC = YES;
				CLANG_ENABLE_OBJC_WEAK = YES;
				CLANG_WARN_BLOCK_CAPTURE_AUTORELEASING = YES;
				CLANG_WARN_BOOL_CONVERSION = YES;
				CLANG_WARN_COMMA = YES;
				CLANG_WARN_CONSTANT_CONVERSION = YES;
				CLANG_WARN_DEPRECATED_OBJC_IMPLEMENTATIONS = YES;
				CLANG_WARN_DIRECT_OBJC_ISA_USAGE = YES_ERROR;
				CLANG_WARN_DOCUMENTATION_COMMENTS = YES;
				CLANG_WARN_EMPTY_BODY = YES;
				CLANG_WARN_ENUM_CONVERSION = YES;
				CLANG_WARN_INFINITE_RECURSION = YES;
				CLANG_WARN_INT_CONVERSION = YES;
				CLANG_WARN_NON_LITERAL_NULL_CONVERSION = YES;
				CLANG_WARN_OBJC_IMPLICIT_RETAIN_SELF = YES;
				CLANG_WARN_OBJC_LITERAL_CONVERSION = YES;
				CLANG_WARN_OBJC_ROOT_CLASS = YES_ERROR;
				CLANG_WARN_QUOTED_INCLUDE_IN_FRAMEWORK_HEADER = YES;
				CLANG_WARN_RANGE_LOOP_ANALYSIS = YES;
				CLANG_WARN_STRICT_PROTOTYPES = YES;
				CLANG_WARN_SUSPICIOUS_MOVE = YES;
				CLANG_WARN_UNGUARDED_AVAILABILITY = YES_AGGRESSIVE;
				CLANG_WARN_UNREACHABLE_CODE = YES;
				CLANG_WARN__DUPLICATE_METHOD_MATCH = YES;
				COPY_PHASE_STRIP = NO;
				DEBUG_INFORMATION_FORMAT = dwarf;
				ENABLE_STRICT_OBJC_MSGSEND = YES;
				ENABLE_TESTABILITY = YES;
				GCC_C_LANGUAGE_STANDARD = gnu11;
				GCC_DYNAMIC_NO_PIC = NO;
				GCC_NO_COMMON_BLOCKS = YES;
				GCC_OPTIMIZATION_LEVEL = 0;
				GCC_PREPROCESSOR_DEFINITIONS = (
					"DEBUG=1",
					"$(inherited)",
				);
				GCC_WARN_64_TO_32_BIT_CONVERSION = YES;
				GCC_WARN_ABOUT_RETURN_TYPE = YES_ERROR;
				GCC_WARN_UNDECLARED_SELECTOR = YES;
				GCC_WARN_UNINITIALIZED_AUTOS = YES_AGGRESSIVE;
				GCC_WARN_UNUSED_FUNCTION = YES;
				GCC_WARN_UNUSED_VARIABLE = YES;
				IPHONEOS_DEPLOYMENT_TARGET = 15.4;
				MTL_ENABLE_DEBUG_INFO = INCLUDE_SOURCE;
				MTL_FAST_MATH = YES;
				ONLY_ACTIVE_ARCH = YES;
				SDKROOT = iphoneos;
				SWIFT_ACTIVE_COMPILATION_CONDITIONS = DEBUG;
				SWIFT_OPTIMIZATION_LEVEL = "-Onone";
			};
			name = Debug;
		};
		3FE762AC281A62B400C20344 /* Release */ = {
			isa = XCBuildConfiguration;
			buildSettings = {
				ALWAYS_SEARCH_USER_PATHS = NO;
				CLANG_ANALYZER_LOCALIZABILITY_NONLOCALIZED = YES;
				CLANG_ANALYZER_NONNULL = YES;
				CLANG_ANALYZER_NUMBER_OBJECT_CONVERSION = YES_AGGRESSIVE;
				CLANG_CXX_LANGUAGE_STANDARD = "gnu++17";
				CLANG_ENABLE_MODULES = YES;
				CLANG_ENABLE_OBJC_ARC = YES;
				CLANG_ENABLE_OBJC_WEAK = YES;
				CLANG_WARN_BLOCK_CAPTURE_AUTORELEASING = YES;
				CLANG_WARN_BOOL_CONVERSION = YES;
				CLANG_WARN_COMMA = YES;
				CLANG_WARN_CONSTANT_CONVERSION = YES;
				CLANG_WARN_DEPRECATED_OBJC_IMPLEMENTATIONS = YES;
				CLANG_WARN_DIRECT_OBJC_ISA_USAGE = YES_ERROR;
				CLANG_WARN_DOCUMENTATION_COMMENTS = YES;
				CLANG_WARN_EMPTY_BODY = YES;
				CLANG_WARN_ENUM_CONVERSION = YES;
				CLANG_WARN_INFINITE_RECURSION = YES;
				CLANG_WARN_INT_CONVERSION = YES;
				CLANG_WARN_NON_LITERAL_NULL_CONVERSION = YES;
				CLANG_WARN_OBJC_IMPLICIT_RETAIN_SELF = YES;
				CLANG_WARN_OBJC_LITERAL_CONVERSION = YES;
				CLANG_WARN_OBJC_ROOT_CLASS = YES_ERROR;
				CLANG_WARN_QUOTED_INCLUDE_IN_FRAMEWORK_HEADER = YES;
				CLANG_WARN_RANGE_LOOP_ANALYSIS = YES;
				CLANG_WARN_STRICT_PROTOTYPES = YES;
				CLANG_WARN_SUSPICIOUS_MOVE = YES;
				CLANG_WARN_UNGUARDED_AVAILABILITY = YES_AGGRESSIVE;
				CLANG_WARN_UNREACHABLE_CODE = YES;
				CLANG_WARN__DUPLICATE_METHOD_MATCH = YES;
				COPY_PHASE_STRIP = NO;
				DEBUG_INFORMATION_FORMAT = "dwarf-with-dsym";
				ENABLE_NS_ASSERTIONS = NO;
				ENABLE_STRICT_OBJC_MSGSEND = YES;
				GCC_C_LANGUAGE_STANDARD = gnu11;
				GCC_NO_COMMON_BLOCKS = YES;
				GCC_WARN_64_TO_32_BIT_CONVERSION = YES;
				GCC_WARN_ABOUT_RETURN_TYPE = YES_ERROR;
				GCC_WARN_UNDECLARED_SELECTOR = YES;
				GCC_WARN_UNINITIALIZED_AUTOS = YES_AGGRESSIVE;
				GCC_WARN_UNUSED_FUNCTION = YES;
				GCC_WARN_UNUSED_VARIABLE = YES;
				IPHONEOS_DEPLOYMENT_TARGET = 15.4;
				MTL_ENABLE_DEBUG_INFO = NO;
				MTL_FAST_MATH = YES;
				SDKROOT = iphoneos;
				SWIFT_COMPILATION_MODE = wholemodule;
				SWIFT_OPTIMIZATION_LEVEL = "-O";
				VALIDATE_PRODUCT = YES;
			};
			name = Release;
		};
		3FE762AE281A62B400C20344 /* Debug */ = {
			isa = XCBuildConfiguration;
			buildSettings = {
				ASSETCATALOG_COMPILER_APPICON_NAME = AppIcon;
				ASSETCATALOG_COMPILER_GLOBAL_ACCENT_COLOR_NAME = AccentColor;
				CODE_SIGN_STYLE = Automatic;
				CURRENT_PROJECT_VERSION = 1;
				DEVELOPMENT_ASSET_PATHS = "\"Choice/Preview Content\"";
				DEVELOPMENT_TEAM = PAT7P9FCH3;
				ENABLE_PREVIEWS = YES;
				GENERATE_INFOPLIST_FILE = YES;
				INFOPLIST_KEY_UIApplicationSceneManifest_Generation = YES;
				INFOPLIST_KEY_UIApplicationSupportsIndirectInputEvents = YES;
				INFOPLIST_KEY_UILaunchScreen_Generation = YES;
				INFOPLIST_KEY_UISupportedInterfaceOrientations_iPad = "UIInterfaceOrientationPortrait UIInterfaceOrientationPortraitUpsideDown UIInterfaceOrientationLandscapeLeft UIInterfaceOrientationLandscapeRight";
				INFOPLIST_KEY_UISupportedInterfaceOrientations_iPhone = "UIInterfaceOrientationPortrait UIInterfaceOrientationLandscapeLeft UIInterfaceOrientationLandscapeRight";
				LD_RUNPATH_SEARCH_PATHS = (
					"$(inherited)",
					"@executable_path/Frameworks",
				);
				MARKETING_VERSION = 1.0;
				PRODUCT_BUNDLE_IDENTIFIER = com.choi.Choice;
				PRODUCT_NAME = "$(TARGET_NAME)";
				SWIFT_EMIT_LOC_STRINGS = YES;
				SWIFT_VERSION = 5.0;
				TARGETED_DEVICE_FAMILY = "1,2";
			};
			name = Debug;
		};
		3FE762AF281A62B400C20344 /* Release */ = {
			isa = XCBuildConfiguration;
			buildSettings = {
				ASSETCATALOG_COMPILER_APPICON_NAME = AppIcon;
				ASSETCATALOG_COMPILER_GLOBAL_ACCENT_COLOR_NAME = AccentColor;
				CODE_SIGN_STYLE = Automatic;
				CURRENT_PROJECT_VERSION = 1;
				DEVELOPMENT_ASSET_PATHS = "\"Choice/Preview Content\"";
				DEVELOPMENT_TEAM = PAT7P9FCH3;
				ENABLE_PREVIEWS = YES;
				GENERATE_INFOPLIST_FILE = YES;
				INFOPLIST_KEY_UIApplicationSceneManifest_Generation = YES;
				INFOPLIST_KEY_UIApplicationSupportsIndirectInputEvents = YES;
				INFOPLIST_KEY_UILaunchScreen_Generation = YES;
				INFOPLIST_KEY_UISupportedInterfaceOrientations_iPad = "UIInterfaceOrientationPortrait UIInterfaceOrientationPortraitUpsideDown UIInterfaceOrientationLandscapeLeft UIInterfaceOrientationLandscapeRight";
				INFOPLIST_KEY_UISupportedInterfaceOrientations_iPhone = "UIInterfaceOrientationPortrait UIInterfaceOrientationLandscapeLeft UIInterfaceOrientationLandscapeRight";
				LD_RUNPATH_SEARCH_PATHS = (
					"$(inherited)",
					"@executable_path/Frameworks",
				);
				MARKETING_VERSION = 1.0;
				PRODUCT_BUNDLE_IDENTIFIER = com.choi.Choice;
				PRODUCT_NAME = "$(TARGET_NAME)";
				SWIFT_EMIT_LOC_STRINGS = YES;
				SWIFT_VERSION = 5.0;
				TARGETED_DEVICE_FAMILY = "1,2";
			};
			name = Release;
		};
		3FE762B1281A62B400C20344 /* Debug */ = {
			isa = XCBuildConfiguration;
			buildSettings = {
				ALWAYS_EMBED_SWIFT_STANDARD_LIBRARIES = YES;
				BUNDLE_LOADER = "$(TEST_HOST)";
				CODE_SIGN_STYLE = Automatic;
				CURRENT_PROJECT_VERSION = 1;
				GENERATE_INFOPLIST_FILE = YES;
				IPHONEOS_DEPLOYMENT_TARGET = 15.4;
				MARKETING_VERSION = 1.0;
				PRODUCT_BUNDLE_IDENTIFIER = com.choi.ChoiceTests;
				PRODUCT_NAME = "$(TARGET_NAME)";
				SWIFT_EMIT_LOC_STRINGS = NO;
				SWIFT_VERSION = 5.0;
				TARGETED_DEVICE_FAMILY = "1,2";
				TEST_HOST = "$(BUILT_PRODUCTS_DIR)/Choice.app/Choice";
			};
			name = Debug;
		};
		3FE762B2281A62B400C20344 /* Release */ = {
			isa = XCBuildConfiguration;
			buildSettings = {
				ALWAYS_EMBED_SWIFT_STANDARD_LIBRARIES = YES;
				BUNDLE_LOADER = "$(TEST_HOST)";
				CODE_SIGN_STYLE = Automatic;
				CURRENT_PROJECT_VERSION = 1;
				GENERATE_INFOPLIST_FILE = YES;
				IPHONEOS_DEPLOYMENT_TARGET = 15.4;
				MARKETING_VERSION = 1.0;
				PRODUCT_BUNDLE_IDENTIFIER = com.choi.ChoiceTests;
				PRODUCT_NAME = "$(TARGET_NAME)";
				SWIFT_EMIT_LOC_STRINGS = NO;
				SWIFT_VERSION = 5.0;
				TARGETED_DEVICE_FAMILY = "1,2";
				TEST_HOST = "$(BUILT_PRODUCTS_DIR)/Choice.app/Choice";
			};
			name = Release;
		};
		3FE762B4281A62B400C20344 /* Debug */ = {
			isa = XCBuildConfiguration;
			buildSettings = {
				ALWAYS_EMBED_SWIFT_STANDARD_LIBRARIES = YES;
				CODE_SIGN_STYLE = Automatic;
				CURRENT_PROJECT_VERSION = 1;
				GENERATE_INFOPLIST_FILE = YES;
				MARKETING_VERSION = 1.0;
				PRODUCT_BUNDLE_IDENTIFIER = com.choi.ChoiceUITests;
				PRODUCT_NAME = "$(TARGET_NAME)";
				SWIFT_EMIT_LOC_STRINGS = NO;
				SWIFT_VERSION = 5.0;
				TARGETED_DEVICE_FAMILY = "1,2";
				TEST_TARGET_NAME = Choice;
			};
			name = Debug;
		};
		3FE762B5281A62B400C20344 /* Release */ = {
			isa = XCBuildConfiguration;
			buildSettings = {
				ALWAYS_EMBED_SWIFT_STANDARD_LIBRARIES = YES;
				CODE_SIGN_STYLE = Automatic;
				CURRENT_PROJECT_VERSION = 1;
				GENERATE_INFOPLIST_FILE = YES;
				MARKETING_VERSION = 1.0;
				PRODUCT_BUNDLE_IDENTIFIER = com.choi.ChoiceUITests;
				PRODUCT_NAME = "$(TARGET_NAME)";
				SWIFT_EMIT_LOC_STRINGS = NO;
				SWIFT_VERSION = 5.0;
				TARGETED_DEVICE_FAMILY = "1,2";
				TEST_TARGET_NAME = Choice;
			};
			name = Release;
		};
/* End XCBuildConfiguration section */

/* Begin XCConfigurationList section */
		3FE76284281A62AF00C20344 /* Build configuration list for PBXProject "Choice" */ = {
			isa = XCConfigurationList;
			buildConfigurations = (
				3FE762AB281A62B400C20344 /* Debug */,
				3FE762AC281A62B400C20344 /* Release */,
			);
			defaultConfigurationIsVisible = 0;
			defaultConfigurationName = Release;
		};
		3FE762AD281A62B400C20344 /* Build configuration list for PBXNativeTarget "Choice" */ = {
			isa = XCConfigurationList;
			buildConfigurations = (
				3FE762AE281A62B400C20344 /* Debug */,
				3FE762AF281A62B400C20344 /* Release */,
			);
			defaultConfigurationIsVisible = 0;
			defaultConfigurationName = Release;
		};
		3FE762B0281A62B400C20344 /* Build configuration list for PBXNativeTarget "ChoiceTests" */ = {
			isa = XCConfigurationList;
			buildConfigurations = (
				3FE762B1281A62B400C20344 /* Debug */,
				3FE762B2281A62B400C20344 /* Release */,
			);
			defaultConfigurationIsVisible = 0;
			defaultConfigurationName = Release;
		};
		3FE762B3281A62B400C20344 /* Build configuration list for PBXNativeTarget "ChoiceUITests" */ = {
			isa = XCConfigurationList;
			buildConfigurations = (
				3FE762B4281A62B400C20344 /* Debug */,
				3FE762B5281A62B400C20344 /* Release */,
			);
			defaultConfigurationIsVisible = 0;
			defaultConfigurationName = Release;
		};
/* End XCConfigurationList section */
	};
	rootObject = 3FE76281281A62AF00C20344 /* Project object */;
}
